// !$*UTF8*$!
{
	archiveVersion = 1;
	classes = {
	};
	objectVersion = 46;
	objects = {

/* Begin PBXBuildFile section */
		64A02CC21CC660BA00AC46EE /* AppDelegate.swift in Sources */ = {isa = PBXBuildFile; fileRef = 64A02CC11CC660BA00AC46EE /* AppDelegate.swift */; };
		64A02CC41CC660BA00AC46EE /* ViewController.swift in Sources */ = {isa = PBXBuildFile; fileRef = 64A02CC31CC660BA00AC46EE /* ViewController.swift */; };
		64A02CC71CC660BA00AC46EE /* Main.storyboard in Resources */ = {isa = PBXBuildFile; fileRef = 64A02CC51CC660BA00AC46EE /* Main.storyboard */; };
		64A02CC91CC660BA00AC46EE /* Assets.xcassets in Resources */ = {isa = PBXBuildFile; fileRef = 64A02CC81CC660BA00AC46EE /* Assets.xcassets */; };
		64A02CCC1CC660BA00AC46EE /* LaunchScreen.storyboard in Resources */ = {isa = PBXBuildFile; fileRef = 64A02CCA1CC660BA00AC46EE /* LaunchScreen.storyboard */; };
/* End PBXBuildFile section */

/* Begin PBXFileReference section */
		64A02CBE1CC660BA00AC46EE /* hepsiburada.app */ = {isa = PBXFileReference; explicitFileType = wrapper.application; includeInIndex = 0; path = hepsiburada.app; sourceTree = BUILT_PRODUCTS_DIR; };
		64A02CC11CC660BA00AC46EE /* AppDelegate.swift */ = {isa = PBXFileReference; lastKnownFileType = sourcecode.swift; path = AppDelegate.swift; sourceTree = "<group>"; };
		64A02CC31CC660BA00AC46EE /* ViewController.swift */ = {isa = PBXFileReference; lastKnownFileType = sourcecode.swift; path = ViewController.swift; sourceTree = "<group>"; };
		64A02CC61CC660BA00AC46EE /* Base */ = {isa = PBXFileReference; lastKnownFileType = file.storyboard; name = Base; path = Base.lproj/Main.storyboard; sourceTree = "<group>"; };
		64A02CC81CC660BA00AC46EE /* Assets.xcassets */ = {isa = PBXFileReference; lastKnownFileType = folder.assetcatalog; path = Assets.xcassets; sourceTree = "<group>"; };
		64A02CCB1CC660BA00AC46EE /* Base */ = {isa = PBXFileReference; lastKnownFileType = file.storyboard; name = Base; path = Base.lproj/LaunchScreen.storyboard; sourceTree = "<group>"; };
		64A02CCD1CC660BA00AC46EE /* Info.plist */ = {isa = PBXFileReference; lastKnownFileType = text.plist.xml; path = Info.plist; sourceTree = "<group>"; };
/* End PBXFileReference section */

/* Begin PBXFrameworksBuildPhase section */
		64A02CBB1CC660BA00AC46EE /* Frameworks */ = {
			isa = PBXFrameworksBuildPhase;
			buildActionMask = 2147483647;
			files = (
			);
			runOnlyForDeploymentPostprocessing = 0;
		};
/* End PBXFrameworksBuildPhase section */

/* Begin PBXGroup section */
		64A02CB51CC660BA00AC46EE = {
			isa = PBXGroup;
			children = (
				64A02CC01CC660BA00AC46EE /* hepsiburada */,
				64A02CBF1CC660BA00AC46EE /* Products */,
			);
			sourceTree = "<group>";
		};
		64A02CBF1CC660BA00AC46EE /* Products */ = {
			isa = PBXGroup;
			children = (
				64A02CBE1CC660BA00AC46EE /* hepsiburada.app */,
			);
			name = Products;
			sourceTree = "<group>";
		};
		64A02CC01CC660BA00AC46EE /* hepsiburada */ = {
			isa = PBXGroup;
			children = (
				64A02CC11CC660BA00AC46EE /* AppDelegate.swift */,
				64A02CC31CC660BA00AC46EE /* ViewController.swift */,
				64A02CC51CC660BA00AC46EE /* Main.storyboard */,
				64A02CC81CC660BA00AC46EE /* Assets.xcassets */,
				64A02CCA1CC660BA00AC46EE /* LaunchScreen.storyboard */,
				64A02CCD1CC660BA00AC46EE /* Info.plist */,
			);
			path = hepsiburada;
			sourceTree = "<group>";
		};
/* End PBXGroup section */

/* Begin PBXNativeTarget section */
		64A02CBD1CC660BA00AC46EE /* hepsiburada */ = {
			isa = PBXNativeTarget;
			buildConfigurationList = 64A02CD01CC660BA00AC46EE /* Build configuration list for PBXNativeTarget "hepsiburada" */;
			buildPhases = (
				64A02CBA1CC660BA00AC46EE /* Sources */,
				64A02CBB1CC660BA00AC46EE /* Frameworks */,
				64A02CBC1CC660BA00AC46EE /* Resources */,
			);
			buildRules = (
			);
			dependencies = (
			);
			name = hepsiburada;
			productName = hepsiburada;
			productReference = 64A02CBE1CC660BA00AC46EE /* hepsiburada.app */;
			productType = "com.apple.product-type.application";
		};
/* End PBXNativeTarget section */

/* Begin PBXProject section */
		64A02CB61CC660BA00AC46EE /* Project object */ = {
			isa = PBXProject;
			attributes = {
				LastSwiftUpdateCheck = 0730;
				LastUpgradeCheck = 0730;
				ORGANIZATIONNAME = "Niyazi Tanyeri";
				TargetAttributes = {
					64A02CBD1CC660BA00AC46EE = {
						CreatedOnToolsVersion = 7.3;
					};
				};
			};
			buildConfigurationList = 64A02CB91CC660BA00AC46EE /* Build configuration list for PBXProject "hepsiburada" */;
			compatibilityVersion = "Xcode 3.2";
			developmentRegion = English;
			hasScannedForEncodings = 0;
			knownRegions = (
				en,
				Base,
			);
			mainGroup = 64A02CB51CC660BA00AC46EE;
			productRefGroup = 64A02CBF1CC660BA00AC46EE /* Products */;
			projectDirPath = "";
			projectRoot = "";
			targets = (
				64A02CBD1CC660BA00AC46EE /* hepsiburada */,
			);
		};
/* End PBXProject section */

/* Begin PBXResourcesBuildPhase section */
		64A02CBC1CC660BA00AC46EE /* Resources */ = {
			isa = PBXResourcesBuildPhase;
			buildActionMask = 2147483647;
			files = (
				64A02CCC1CC660BA00AC46EE /* LaunchScreen.storyboard in Resources */,
				64A02CC91CC660BA00AC46EE /* Assets.xcassets in Resources */,
				64A02CC71CC660BA00AC46EE /* Main.storyboard in Resources */,
			);
			runOnlyForDeploymentPostprocessing = 0;
		};
/* End PBXResourcesBuildPhase section */

/* Begin PBXSourcesBuildPhase section */
		64A02CBA1CC660BA00AC46EE /* Sources */ = {
			isa = PBXSourcesBuildPhase;
			buildActionMask = 2147483647;
			files = (
				64A02CC41CC660BA00AC46EE /* ViewController.swift in Sources */,
				64A02CC21CC660BA00AC46EE /* AppDelegate.swift in Sources */,
			);
			runOnlyForDeploymentPostprocessing = 0;
		};
/* End PBXSourcesBuildPhase section */

/* Begin PBXVariantGroup section */
		64A02CC51CC660BA00AC46EE /* Main.storyboard */ = {
			isa = PBXVariantGroup;
			children = (
				64A02CC61CC660BA00AC46EE /* Base */,
			);
			name = Main.storyboard;
			sourceTree = "<group>";
		};
		64A02CCA1CC660BA00AC46EE /* LaunchScreen.storyboard */ = {
			isa = PBXVariantGroup;
			children = (
				64A02CCB1CC660BA00AC46EE /* Base */,
			);
			name = LaunchScreen.storyboard;
			sourceTree = "<group>";
		};
/* End PBXVariantGroup section */

/* Begin XCBuildConfiguration section */
		64A02CCE1CC660BA00AC46EE /* Debug */ = {
			isa = XCBuildConfiguration;
			buildSettings = {
				ALWAYS_SEARCH_USER_PATHS = NO;
				CLANG_ANALYZER_NONNULL = YES;
				CLANG_CXX_LANGUAGE_STANDARD = "gnu++0x";
				CLANG_CXX_LIBRARY = "libc++";
				CLANG_ENABLE_MODULES = YES;
				CLANG_ENABLE_OBJC_ARC = YES;
				CLANG_WARN_BOOL_CONVERSION = YES;
				CLANG_WARN_CONSTANT_CONVERSION = YES;
				CLANG_WARN_DIRECT_OBJC_ISA_USAGE = YES_ERROR;
				CLANG_WARN_EMPTY_BODY = YES;
				CLANG_WARN_ENUM_CONVERSION = YES;
				CLANG_WARN_INT_CONVERSION = YES;
				CLANG_WARN_OBJC_ROOT_CLASS = YES_ERROR;
				CLANG_WARN_UNREACHABLE_CODE = YES;
				CLANG_WARN__DUPLICATE_METHOD_MATCH = YES;
				"CODE_SIGN_IDENTITY[sdk=iphoneos*]" = "iPhone Developer";
				COPY_PHASE_STRIP = NO;
				DEBUG_INFORMATION_FORMAT = dwarf;
				ENABLE_STRICT_OBJC_MSGSEND = YES;
				ENABLE_TESTABILITY = YES;
				GCC_C_LANGUAGE_STANDARD = gnu99;
				GCC_DYNAMIC_NO_PIC = NO;
				GCC_NO_COMMON_BLOCKS = YES;
				GCC_OPTIMIZATION_LEVEL = 0;
				GCC_PREPROCESSOR_DEFINITIONS = (
					"DEBUG=1",
					"$(inherited)",
				);
				GCC_WARN_64_TO_32_BIT_CONVERSION = YES;
				GCC_WARN_ABOUT_RETURN_TYPE = YES_ERROR;
				GCC_WARN_UNDECLARED_SELECTOR = YES;
				GCC_WARN_UNINITIALIZED_AUTOS = YES_AGGRESSIVE;
				GCC_WARN_UNUSED_FUNCTION = YES;
				GCC_WARN_UNUSED_VARIABLE = YES;
				IPHONEOS_DEPLOYMENT_TARGET = 9.3;
				MTL_ENABLE_DEBUG_INFO = YES;
				ONLY_ACTIVE_ARCH = YES;
				SDKROOT = iphoneos;
				SWIFT_OPTIMIZATION_LEVEL = "-Onone";
			};
			name = Debug;
		};
		64A02CCF1CC660BA00AC46EE /* Release */ = {
			isa = XCBuildConfiguration;
			buildSettings = {
				ALWAYS_SEARCH_USER_PATHS = NO;
				CLANG_ANALYZER_NONNULL = YES;
				CLANG_CXX_LANGUAGE_STANDARD = "gnu++0x";
				CLANG_CXX_LIBRARY = "libc++";
				CLANG_ENABLE_MODULES = YES;
				CLANG_ENABLE_OBJC_ARC = YES;
				CLANG_WARN_BOOL_CONVERSION = YES;
				CLANG_WARN_CONSTANT_CONVERSION = YES;
				CLANG_WARN_DIRECT_OBJC_ISA_USAGE = YES_ERROR;
				CLANG_WARN_EMPTY_BODY = YES;
				CLANG_WARN_ENUM_CONVERSION = YES;
				CLANG_WARN_INT_CONVERSION = YES;
				CLANG_WARN_OBJC_ROOT_CLASS = YES_ERROR;
				CLANG_WARN_UNREACHABLE_CODE = YES;
				CLANG_WARN__DUPLICATE_METHOD_MATCH = YES;
				"CODE_SIGN_IDENTITY[sdk=iphoneos*]" = "iPhone Developer";
				COPY_PHASE_STRIP = NO;
				DEBUG_INFORMATION_FORMAT = "dwarf-with-dsym";
				ENABLE_NS_ASSERTIONS = NO;
				ENABLE_STRICT_OBJC_MSGSEND = YES;
				GCC_C_LANGUAGE_STANDARD = gnu99;
				GCC_NO_COMMON_BLOCKS = YES;
				GCC_WARN_64_TO_32_BIT_CONVERSION = YES;
				GCC_WARN_ABOUT_RETURN_TYPE = YES_ERROR;
				GCC_WARN_UNDECLARED_SELECTOR = YES;
				GCC_WARN_UNINITIALIZED_AUTOS = YES_AGGRESSIVE;
				GCC_WARN_UNUSED_FUNCTION = YES;
				GCC_WARN_UNUSED_VARIABLE = YES;
				IPHONEOS_DEPLOYMENT_TARGET = 9.3;
				MTL_ENABLE_DEBUG_INFO = NO;
				SDKROOT = iphoneos;
				VALIDATE_PRODUCT = YES;
			};
			name = Release;
		};
		64A02CD11CC660BA00AC46EE /* Debug */ = {
			isa = XCBuildConfiguration;
			buildSettings = {
				ASSETCATALOG_COMPILER_APPICON_NAME = AppIcon;
				INFOPLIST_FILE = hepsiburada/Info.plist;
				LD_RUNPATH_SEARCH_PATHS = "$(inherited) @executable_path/Frameworks";
				PRODUCT_BUNDLE_IDENTIFIER = com.ntanyeri.hepsiburada;
				PRODUCT_NAME = "$(TARGET_NAME)";
			};
			name = Debug;
		};
		64A02CD21CC660BA00AC46EE /* Release */ = {
			isa = XCBuildConfiguration;
			buildSettings = {
				ASSETCATALOG_COMPILER_APPICON_NAME = AppIcon;
				INFOPLIST_FILE = hepsiburada/Info.plist;
				LD_RUNPATH_SEARCH_PATHS = "$(inherited) @executable_path/Frameworks";
				PRODUCT_BUNDLE_IDENTIFIER = com.ntanyeri.hepsiburada;
				PRODUCT_NAME = "$(TARGET_NAME)";
			};
			name = Release;
		};
/* End XCBuildConfiguration section */

/* Begin XCConfigurationList section */
		64A02CB91CC660BA00AC46EE /* Build configuration list for PBXProject "hepsiburada" */ = {
			isa = XCConfigurationList;
			buildConfigurations = (
				64A02CCE1CC660BA00AC46EE /* Debug */,
				64A02CCF1CC660BA00AC46EE /* Release */,
			);
			defaultConfigurationIsVisible = 0;
			defaultConfigurationName = Release;
		};
		64A02CD01CC660BA00AC46EE /* Build configuration list for PBXNativeTarget "hepsiburada" */ = {
			isa = XCConfigurationList;
			buildConfigurations = (
				64A02CD11CC660BA00AC46EE /* Debug */,
				64A02CD21CC660BA00AC46EE /* Release */,
			);
			defaultConfigurationIsVisible = 0;
		};
/* End XCConfigurationList section */
	};
	rootObject = 64A02CB61CC660BA00AC46EE /* Project object */;
}
